
Microsoft Visual Studio Solution File, Format Version 12.00
# Visual Studio Version 16
VisualStudioVersion = 16.0.30114.105
MinimumVisualStudioVersion = 10.0.40219.1
Project("{FAE04EC0-301F-11D3-BF4B-00C04F79EFBC}") = "API", "API\API.csproj", "{54116905-8079-4D6D-82FE-B0E12813EA60}"
EndProject
Project("{FAE04EC0-301F-11D3-BF4B-00C04F79EFBC}") = "Application", "Application\Application.csproj", "{B17F0D72-55B5-4E6A-AC0C-FCE4495A27EF}"
EndProject
Project("{FAE04EC0-301F-11D3-BF4B-00C04F79EFBC}") = "Persistence", "Persistence\Persistence.csproj", "{ED7816A8-B2DE-4EEF-89DC-F54126D16AAB}"
EndProject
Project("{FAE04EC0-301F-11D3-BF4B-00C04F79EFBC}") = "Domain", "Domain\Domain.csproj", "{869F4831-49E6-411E-A895-4FDBF0006494}"
EndProject
Global
	GlobalSection(SolutionConfigurationPlatforms) = preSolution
		Debug|Any CPU = Debug|Any CPU
		Release|Any CPU = Release|Any CPU
	EndGlobalSection
	GlobalSection(SolutionProperties) = preSolution
		HideSolutionNode = FALSE
	EndGlobalSection
	GlobalSection(ProjectConfigurationPlatforms) = postSolution
		{54116905-8079-4D6D-82FE-B0E12813EA60}.Debug|Any CPU.ActiveCfg = Debug|Any CPU
		{54116905-8079-4D6D-82FE-B0E12813EA60}.Debug|Any CPU.Build.0 = Debug|Any CPU
		{54116905-8079-4D6D-82FE-B0E12813EA60}.Release|Any CPU.ActiveCfg = Release|Any CPU
		{54116905-8079-4D6D-82FE-B0E12813EA60}.Release|Any CPU.Build.0 = Release|Any CPU
		{B17F0D72-55B5-4E6A-AC0C-FCE4495A27EF}.Debug|Any CPU.ActiveCfg = Debug|Any CPU
		{B17F0D72-55B5-4E6A-AC0C-FCE4495A27EF}.Debug|Any CPU.Build.0 = Debug|Any CPU
		{B17F0D72-55B5-4E6A-AC0C-FCE4495A27EF}.Release|Any CPU.ActiveCfg = Release|Any CPU
		{B17F0D72-55B5-4E6A-AC0C-FCE4495A27EF}.Release|Any CPU.Build.0 = Release|Any CPU
		{ED7816A8-B2DE-4EEF-89DC-F54126D16AAB}.Debug|Any CPU.ActiveCfg = Debug|Any CPU
		{ED7816A8-B2DE-4EEF-89DC-F54126D16AAB}.Debug|Any CPU.Build.0 = Debug|Any CPU
		{ED7816A8-B2DE-4EEF-89DC-F54126D16AAB}.Release|Any CPU.ActiveCfg = Release|Any CPU
		{ED7816A8-B2DE-4EEF-89DC-F54126D16AAB}.Release|Any CPU.Build.0 = Release|Any CPU
		{869F4831-49E6-411E-A895-4FDBF0006494}.Debug|Any CPU.ActiveCfg = Debug|Any CPU
		{869F4831-49E6-411E-A895-4FDBF0006494}.Debug|Any CPU.Build.0 = Debug|Any CPU
		{869F4831-49E6-411E-A895-4FDBF0006494}.Release|Any CPU.ActiveCfg = Release|Any CPU
		{869F4831-49E6-411E-A895-4FDBF0006494}.Release|Any CPU.Build.0 = Release|Any CPU
	EndGlobalSection
EndGlobal
